
Microsoft Visual Studio Solution File, Format Version 12.00
# Visual Studio Version 17
VisualStudioVersion = 17.8.34511.84
MinimumVisualStudioVersion = 10.0.40219.1
Project("{8BC9CEB8-8B4A-11D0-8D11-00A0C91BC942}") = "Assignment_4", "Assignment_4.vcxproj", "{BF74419E-0283-4CDF-9EDC-F747B1609000}"
EndProject
Global
	GlobalSection(SolutionConfigurationPlatforms) = preSolution
		Debug|x64 = Debug|x64
		Debug|x86 = Debug|x86
		Release|x64 = Release|x64
		Release|x86 = Release|x86
	EndGlobalSection
	GlobalSection(ProjectConfigurationPlatforms) = postSolution
		{BF74419E-0283-4CDF-9EDC-F747B1609000}.Debug|x64.ActiveCfg = Debug|x64
		{BF74419E-0283-4CDF-9EDC-F747B1609000}.Debug|x64.Build.0 = Debug|x64
		{BF74419E-0283-4CDF-9EDC-F747B1609000}.Debug|x86.ActiveCfg = Debug|Win32
		{BF74419E-0283-4CDF-9EDC-F747B1609000}.Debug|x86.Build.0 = Debug|Win32
		{BF74419E-0283-4CDF-9EDC-F747B1609000}.Release|x64.ActiveCfg = Release|x64
		{BF74419E-0283-4CDF-9EDC-F747B1609000}.Release|x64.Build.0 = Release|x64
		{BF74419E-0283-4CDF-9EDC-F747B1609000}.Release|x86.ActiveCfg = Release|Win32
		{BF74419E-0283-4CDF-9EDC-F747B1609000}.Release|x86.Build.0 = Release|Win32
	EndGlobalSection
	GlobalSection(SolutionProperties) = preSolution
		HideSolutionNode = FALSE
	EndGlobalSection
	GlobalSection(ExtensibilityGlobals) = postSolution
		SolutionGuid = {3A436F07-85D4-4981-BE5D-CD79DB28E7BE}
	EndGlobalSection
EndGlobal
